// !$*UTF8*$!
{
	archiveVersion = 1;
	classes = {
	};
	objectVersion = 56;
	objects = {

/* Begin PBXBuildFile section */
		77178C302B8FA2FA00BB1857 /* ToDoListSwiftUIApp.swift in Sources */ = {isa = PBXBuildFile; fileRef = 77178C2F2B8FA2FA00BB1857 /* ToDoListSwiftUIApp.swift */; };
		77178C322B8FA2FA00BB1857 /* MainView.swift in Sources */ = {isa = PBXBuildFile; fileRef = 77178C312B8FA2FA00BB1857 /* MainView.swift */; };
		77178C342B8FA2FC00BB1857 /* Assets.xcassets in Resources */ = {isa = PBXBuildFile; fileRef = 77178C332B8FA2FC00BB1857 /* Assets.xcassets */; };
		77178C372B8FA2FC00BB1857 /* Preview Assets.xcassets in Resources */ = {isa = PBXBuildFile; fileRef = 77178C362B8FA2FC00BB1857 /* Preview Assets.xcassets */; };
		77178C412B8FA2FC00BB1857 /* ToDoListSwiftUITests.swift in Sources */ = {isa = PBXBuildFile; fileRef = 77178C402B8FA2FC00BB1857 /* ToDoListSwiftUITests.swift */; };
		77178C4B2B8FA2FC00BB1857 /* ToDoListSwiftUIUITests.swift in Sources */ = {isa = PBXBuildFile; fileRef = 77178C4A2B8FA2FC00BB1857 /* ToDoListSwiftUIUITests.swift */; };
		77178C4D2B8FA2FC00BB1857 /* ToDoListSwiftUIUITestsLaunchTests.swift in Sources */ = {isa = PBXBuildFile; fileRef = 77178C4C2B8FA2FC00BB1857 /* ToDoListSwiftUIUITestsLaunchTests.swift */; };
		77178C5B2B8FAAF600BB1857 /* FirebaseAuth in Frameworks */ = {isa = PBXBuildFile; productRef = 77178C5A2B8FAAF600BB1857 /* FirebaseAuth */; };
		77178C5D2B8FAAF600BB1857 /* FirebaseFirestore in Frameworks */ = {isa = PBXBuildFile; productRef = 77178C5C2B8FAAF600BB1857 /* FirebaseFirestore */; };
		77178C5F2B8FAAF600BB1857 /* FirebaseFirestoreSwift in Frameworks */ = {isa = PBXBuildFile; productRef = 77178C5E2B8FAAF600BB1857 /* FirebaseFirestoreSwift */; };
		77E838602B9087E9002EFD7E /* GoogleService-Info.plist in Resources */ = {isa = PBXBuildFile; fileRef = 77E8385F2B9087E9002EFD7E /* GoogleService-Info.plist */; };
		77E838612B9087E9002EFD7E /* GoogleService-Info.plist in Resources */ = {isa = PBXBuildFile; fileRef = 77E8385F2B9087E9002EFD7E /* GoogleService-Info.plist */; };
		77E838622B9087E9002EFD7E /* GoogleService-Info.plist in Resources */ = {isa = PBXBuildFile; fileRef = 77E8385F2B9087E9002EFD7E /* GoogleService-Info.plist */; };
		77E8386A2B9095AB002EFD7E /* ProfileView.swift in Sources */ = {isa = PBXBuildFile; fileRef = 77E838692B9095AB002EFD7E /* ProfileView.swift */; };
		77E8386E2B9095F6002EFD7E /* TodoListView.swift in Sources */ = {isa = PBXBuildFile; fileRef = 77E8386D2B9095F6002EFD7E /* TodoListView.swift */; };
		77E838722B909621002EFD7E /* NewItemView.swift in Sources */ = {isa = PBXBuildFile; fileRef = 77E838712B909621002EFD7E /* NewItemView.swift */; };
		77E838762B909648002EFD7E /* LoginView.swift in Sources */ = {isa = PBXBuildFile; fileRef = 77E838752B909648002EFD7E /* LoginView.swift */; };
		77E8387A2B90965F002EFD7E /* RegisterView.swift in Sources */ = {isa = PBXBuildFile; fileRef = 77E838792B90965F002EFD7E /* RegisterView.swift */; };
		77E8387E2B9096EF002EFD7E /* ToDoListItemView.swift in Sources */ = {isa = PBXBuildFile; fileRef = 77E8387D2B9096EF002EFD7E /* ToDoListItemView.swift */; };
		77E838822B909969002EFD7E /* User.swift in Sources */ = {isa = PBXBuildFile; fileRef = 77E838812B909969002EFD7E /* User.swift */; };
		77E838832B909969002EFD7E /* User.swift in Sources */ = {isa = PBXBuildFile; fileRef = 77E838812B909969002EFD7E /* User.swift */; };
		77E838842B909969002EFD7E /* User.swift in Sources */ = {isa = PBXBuildFile; fileRef = 77E838812B909969002EFD7E /* User.swift */; };
		77E838862B909978002EFD7E /* ToDoListItem.swift in Sources */ = {isa = PBXBuildFile; fileRef = 77E838852B909978002EFD7E /* ToDoListItem.swift */; };
		77E838872B909978002EFD7E /* ToDoListItem.swift in Sources */ = {isa = PBXBuildFile; fileRef = 77E838852B909978002EFD7E /* ToDoListItem.swift */; };
		77E838882B909978002EFD7E /* ToDoListItem.swift in Sources */ = {isa = PBXBuildFile; fileRef = 77E838852B909978002EFD7E /* ToDoListItem.swift */; };
		77E8388A2B909996002EFD7E /* MainViewViewModel.swift in Sources */ = {isa = PBXBuildFile; fileRef = 77E838892B909996002EFD7E /* MainViewViewModel.swift */; };
		77E8388B2B909996002EFD7E /* MainViewViewModel.swift in Sources */ = {isa = PBXBuildFile; fileRef = 77E838892B909996002EFD7E /* MainViewViewModel.swift */; };
		77E8388C2B909996002EFD7E /* MainViewViewModel.swift in Sources */ = {isa = PBXBuildFile; fileRef = 77E838892B909996002EFD7E /* MainViewViewModel.swift */; };
		77E8388E2B9099A7002EFD7E /* ProfileViewViewModel.swift in Sources */ = {isa = PBXBuildFile; fileRef = 77E8388D2B9099A7002EFD7E /* ProfileViewViewModel.swift */; };
		77E8388F2B9099A7002EFD7E /* ProfileViewViewModel.swift in Sources */ = {isa = PBXBuildFile; fileRef = 77E8388D2B9099A7002EFD7E /* ProfileViewViewModel.swift */; };
		77E838902B9099A7002EFD7E /* ProfileViewViewModel.swift in Sources */ = {isa = PBXBuildFile; fileRef = 77E8388D2B9099A7002EFD7E /* ProfileViewViewModel.swift */; };
		77E838922B9099B2002EFD7E /* TodoListViewViewModel.swift in Sources */ = {isa = PBXBuildFile; fileRef = 77E838912B9099B2002EFD7E /* TodoListViewViewModel.swift */; };
		77E838932B9099B2002EFD7E /* TodoListViewViewModel.swift in Sources */ = {isa = PBXBuildFile; fileRef = 77E838912B9099B2002EFD7E /* TodoListViewViewModel.swift */; };
		77E838942B9099B2002EFD7E /* TodoListViewViewModel.swift in Sources */ = {isa = PBXBuildFile; fileRef = 77E838912B9099B2002EFD7E /* TodoListViewViewModel.swift */; };
		77E838962B9099BF002EFD7E /* NewItemViewViewModel.swift in Sources */ = {isa = PBXBuildFile; fileRef = 77E838952B9099BF002EFD7E /* NewItemViewViewModel.swift */; };
		77E838972B9099BF002EFD7E /* NewItemViewViewModel.swift in Sources */ = {isa = PBXBuildFile; fileRef = 77E838952B9099BF002EFD7E /* NewItemViewViewModel.swift */; };
		77E838982B9099BF002EFD7E /* NewItemViewViewModel.swift in Sources */ = {isa = PBXBuildFile; fileRef = 77E838952B9099BF002EFD7E /* NewItemViewViewModel.swift */; };
		77E8389A2B9099D0002EFD7E /* LoginViewViewModel.swift in Sources */ = {isa = PBXBuildFile; fileRef = 77E838992B9099D0002EFD7E /* LoginViewViewModel.swift */; };
		77E8389B2B9099D0002EFD7E /* LoginViewViewModel.swift in Sources */ = {isa = PBXBuildFile; fileRef = 77E838992B9099D0002EFD7E /* LoginViewViewModel.swift */; };
		77E8389C2B9099D0002EFD7E /* LoginViewViewModel.swift in Sources */ = {isa = PBXBuildFile; fileRef = 77E838992B9099D0002EFD7E /* LoginViewViewModel.swift */; };
		77E8389E2B9099DB002EFD7E /* RegisterViewViewModel.swift in Sources */ = {isa = PBXBuildFile; fileRef = 77E8389D2B9099DB002EFD7E /* RegisterViewViewModel.swift */; };
		77E8389F2B9099DB002EFD7E /* RegisterViewViewModel.swift in Sources */ = {isa = PBXBuildFile; fileRef = 77E8389D2B9099DB002EFD7E /* RegisterViewViewModel.swift */; };
		77E838A02B9099DB002EFD7E /* RegisterViewViewModel.swift in Sources */ = {isa = PBXBuildFile; fileRef = 77E8389D2B9099DB002EFD7E /* RegisterViewViewModel.swift */; };
		77E838A22B9099E7002EFD7E /* ToDoListItemViewViewModel.swift in Sources */ = {isa = PBXBuildFile; fileRef = 77E838A12B9099E7002EFD7E /* ToDoListItemViewViewModel.swift */; };
		77E838A32B9099E7002EFD7E /* ToDoListItemViewViewModel.swift in Sources */ = {isa = PBXBuildFile; fileRef = 77E838A12B9099E7002EFD7E /* ToDoListItemViewViewModel.swift */; };
		77E838A42B9099E7002EFD7E /* ToDoListItemViewViewModel.swift in Sources */ = {isa = PBXBuildFile; fileRef = 77E838A12B9099E7002EFD7E /* ToDoListItemViewViewModel.swift */; };
		77E838A62B90B4BC002EFD7E /* HeaderView.swift in Sources */ = {isa = PBXBuildFile; fileRef = 77E838A52B90B4BC002EFD7E /* HeaderView.swift */; };
/* End PBXBuildFile section */

/* Begin PBXContainerItemProxy section */
		77178C3D2B8FA2FC00BB1857 /* PBXContainerItemProxy */ = {
			isa = PBXContainerItemProxy;
			containerPortal = 77178C242B8FA2FA00BB1857 /* Project object */;
			proxyType = 1;
			remoteGlobalIDString = 77178C2B2B8FA2FA00BB1857;
			remoteInfo = ToDoListSwiftUI;
		};
		77178C472B8FA2FC00BB1857 /* PBXContainerItemProxy */ = {
			isa = PBXContainerItemProxy;
			containerPortal = 77178C242B8FA2FA00BB1857 /* Project object */;
			proxyType = 1;
			remoteGlobalIDString = 77178C2B2B8FA2FA00BB1857;
			remoteInfo = ToDoListSwiftUI;
		};
/* End PBXContainerItemProxy section */

/* Begin PBXFileReference section */
		77178C2C2B8FA2FA00BB1857 /* ToDoListSwiftUI.app */ = {isa = PBXFileReference; explicitFileType = wrapper.application; includeInIndex = 0; path = ToDoListSwiftUI.app; sourceTree = BUILT_PRODUCTS_DIR; };
		77178C2F2B8FA2FA00BB1857 /* ToDoListSwiftUIApp.swift */ = {isa = PBXFileReference; lastKnownFileType = sourcecode.swift; path = ToDoListSwiftUIApp.swift; sourceTree = "<group>"; };
		77178C312B8FA2FA00BB1857 /* MainView.swift */ = {isa = PBXFileReference; lastKnownFileType = sourcecode.swift; path = MainView.swift; sourceTree = "<group>"; };
		77178C332B8FA2FC00BB1857 /* Assets.xcassets */ = {isa = PBXFileReference; lastKnownFileType = folder.assetcatalog; path = Assets.xcassets; sourceTree = "<group>"; };
		77178C362B8FA2FC00BB1857 /* Preview Assets.xcassets */ = {isa = PBXFileReference; lastKnownFileType = folder.assetcatalog; path = "Preview Assets.xcassets"; sourceTree = "<group>"; };
		77178C3C2B8FA2FC00BB1857 /* ToDoListSwiftUITests.xctest */ = {isa = PBXFileReference; explicitFileType = wrapper.cfbundle; includeInIndex = 0; path = ToDoListSwiftUITests.xctest; sourceTree = BUILT_PRODUCTS_DIR; };
		77178C402B8FA2FC00BB1857 /* ToDoListSwiftUITests.swift */ = {isa = PBXFileReference; lastKnownFileType = sourcecode.swift; path = ToDoListSwiftUITests.swift; sourceTree = "<group>"; };
		77178C462B8FA2FC00BB1857 /* ToDoListSwiftUIUITests.xctest */ = {isa = PBXFileReference; explicitFileType = wrapper.cfbundle; includeInIndex = 0; path = ToDoListSwiftUIUITests.xctest; sourceTree = BUILT_PRODUCTS_DIR; };
		77178C4A2B8FA2FC00BB1857 /* ToDoListSwiftUIUITests.swift */ = {isa = PBXFileReference; lastKnownFileType = sourcecode.swift; path = ToDoListSwiftUIUITests.swift; sourceTree = "<group>"; };
		77178C4C2B8FA2FC00BB1857 /* ToDoListSwiftUIUITestsLaunchTests.swift */ = {isa = PBXFileReference; lastKnownFileType = sourcecode.swift; path = ToDoListSwiftUIUITestsLaunchTests.swift; sourceTree = "<group>"; };
		77E8385F2B9087E9002EFD7E /* GoogleService-Info.plist */ = {isa = PBXFileReference; fileEncoding = 4; lastKnownFileType = text.plist.xml; path = "GoogleService-Info.plist"; sourceTree = "<group>"; };
		77E838692B9095AB002EFD7E /* ProfileView.swift */ = {isa = PBXFileReference; lastKnownFileType = sourcecode.swift; path = ProfileView.swift; sourceTree = "<group>"; };
		77E8386D2B9095F6002EFD7E /* TodoListView.swift */ = {isa = PBXFileReference; lastKnownFileType = sourcecode.swift; path = TodoListView.swift; sourceTree = "<group>"; };
		77E838712B909621002EFD7E /* NewItemView.swift */ = {isa = PBXFileReference; lastKnownFileType = sourcecode.swift; path = NewItemView.swift; sourceTree = "<group>"; };
		77E838752B909648002EFD7E /* LoginView.swift */ = {isa = PBXFileReference; lastKnownFileType = sourcecode.swift; path = LoginView.swift; sourceTree = "<group>"; };
		77E838792B90965F002EFD7E /* RegisterView.swift */ = {isa = PBXFileReference; lastKnownFileType = sourcecode.swift; path = RegisterView.swift; sourceTree = "<group>"; };
		77E8387D2B9096EF002EFD7E /* ToDoListItemView.swift */ = {isa = PBXFileReference; lastKnownFileType = sourcecode.swift; path = ToDoListItemView.swift; sourceTree = "<group>"; };
		77E838812B909969002EFD7E /* User.swift */ = {isa = PBXFileReference; lastKnownFileType = sourcecode.swift; path = User.swift; sourceTree = "<group>"; };
		77E838852B909978002EFD7E /* ToDoListItem.swift */ = {isa = PBXFileReference; lastKnownFileType = sourcecode.swift; path = ToDoListItem.swift; sourceTree = "<group>"; };
		77E838892B909996002EFD7E /* MainViewViewModel.swift */ = {isa = PBXFileReference; lastKnownFileType = sourcecode.swift; path = MainViewViewModel.swift; sourceTree = "<group>"; };
		77E8388D2B9099A7002EFD7E /* ProfileViewViewModel.swift */ = {isa = PBXFileReference; lastKnownFileType = sourcecode.swift; path = ProfileViewViewModel.swift; sourceTree = "<group>"; };
		77E838912B9099B2002EFD7E /* TodoListViewViewModel.swift */ = {isa = PBXFileReference; lastKnownFileType = sourcecode.swift; path = TodoListViewViewModel.swift; sourceTree = "<group>"; };
		77E838952B9099BF002EFD7E /* NewItemViewViewModel.swift */ = {isa = PBXFileReference; lastKnownFileType = sourcecode.swift; path = NewItemViewViewModel.swift; sourceTree = "<group>"; };
		77E838992B9099D0002EFD7E /* LoginViewViewModel.swift */ = {isa = PBXFileReference; lastKnownFileType = sourcecode.swift; path = LoginViewViewModel.swift; sourceTree = "<group>"; };
		77E8389D2B9099DB002EFD7E /* RegisterViewViewModel.swift */ = {isa = PBXFileReference; lastKnownFileType = sourcecode.swift; path = RegisterViewViewModel.swift; sourceTree = "<group>"; };
		77E838A12B9099E7002EFD7E /* ToDoListItemViewViewModel.swift */ = {isa = PBXFileReference; lastKnownFileType = sourcecode.swift; path = ToDoListItemViewViewModel.swift; sourceTree = "<group>"; };
		77E838A52B90B4BC002EFD7E /* HeaderView.swift */ = {isa = PBXFileReference; lastKnownFileType = sourcecode.swift; path = HeaderView.swift; sourceTree = "<group>"; };
/* End PBXFileReference section */

/* Begin PBXFrameworksBuildPhase section */
		77178C292B8FA2FA00BB1857 /* Frameworks */ = {
			isa = PBXFrameworksBuildPhase;
			buildActionMask = 2147483647;
			files = (
				77178C5B2B8FAAF600BB1857 /* FirebaseAuth in Frameworks */,
				77178C5D2B8FAAF600BB1857 /* FirebaseFirestore in Frameworks */,
				77178C5F2B8FAAF600BB1857 /* FirebaseFirestoreSwift in Frameworks */,
			);
			runOnlyForDeploymentPostprocessing = 0;
		};
		77178C392B8FA2FC00BB1857 /* Frameworks */ = {
			isa = PBXFrameworksBuildPhase;
			buildActionMask = 2147483647;
			files = (
			);
			runOnlyForDeploymentPostprocessing = 0;
		};
		77178C432B8FA2FC00BB1857 /* Frameworks */ = {
			isa = PBXFrameworksBuildPhase;
			buildActionMask = 2147483647;
			files = (
			);
			runOnlyForDeploymentPostprocessing = 0;
		};
/* End PBXFrameworksBuildPhase section */

/* Begin PBXGroup section */
		77178C232B8FA2FA00BB1857 = {
			isa = PBXGroup;
			children = (
				77178C2E2B8FA2FA00BB1857 /* ToDoListSwiftUI */,
				77178C3F2B8FA2FC00BB1857 /* ToDoListSwiftUITests */,
				77178C492B8FA2FC00BB1857 /* ToDoListSwiftUIUITests */,
				77178C2D2B8FA2FA00BB1857 /* Products */,
			);
			sourceTree = "<group>";
		};
		77178C2D2B8FA2FA00BB1857 /* Products */ = {
			isa = PBXGroup;
			children = (
				77178C2C2B8FA2FA00BB1857 /* ToDoListSwiftUI.app */,
				77178C3C2B8FA2FC00BB1857 /* ToDoListSwiftUITests.xctest */,
				77178C462B8FA2FC00BB1857 /* ToDoListSwiftUIUITests.xctest */,
			);
			name = Products;
			sourceTree = "<group>";
		};
		77178C2E2B8FA2FA00BB1857 /* ToDoListSwiftUI */ = {
			isa = PBXGroup;
			children = (
				77E838682B908A78002EFD7E /* AppDelegate */,
				77E838652B9089F7002EFD7E /* Model */,
				77E838642B9089E8002EFD7E /* ViewModel */,
				77E838632B9089E1002EFD7E /* View */,
				77E838662B908A4A002EFD7E /* Assets */,
				77E838672B908A5F002EFD7E /* Others */,
				77178C352B8FA2FC00BB1857 /* Preview Content */,
			);
			path = ToDoListSwiftUI;
			sourceTree = "<group>";
		};
		77178C352B8FA2FC00BB1857 /* Preview Content */ = {
			isa = PBXGroup;
			children = (
				77178C362B8FA2FC00BB1857 /* Preview Assets.xcassets */,
			);
			path = "Preview Content";
			sourceTree = "<group>";
		};
		77178C3F2B8FA2FC00BB1857 /* ToDoListSwiftUITests */ = {
			isa = PBXGroup;
			children = (
				77178C402B8FA2FC00BB1857 /* ToDoListSwiftUITests.swift */,
			);
			path = ToDoListSwiftUITests;
			sourceTree = "<group>";
		};
		77178C492B8FA2FC00BB1857 /* ToDoListSwiftUIUITests */ = {
			isa = PBXGroup;
			children = (
				77178C4A2B8FA2FC00BB1857 /* ToDoListSwiftUIUITests.swift */,
				77178C4C2B8FA2FC00BB1857 /* ToDoListSwiftUIUITestsLaunchTests.swift */,
			);
			path = ToDoListSwiftUIUITests;
			sourceTree = "<group>";
		};
		77E838632B9089E1002EFD7E /* View */ = {
			isa = PBXGroup;
			children = (
				77178C312B8FA2FA00BB1857 /* MainView.swift */,
				77E838692B9095AB002EFD7E /* ProfileView.swift */,
				77E8386D2B9095F6002EFD7E /* TodoListView.swift */,
				77E838712B909621002EFD7E /* NewItemView.swift */,
				77E838752B909648002EFD7E /* LoginView.swift */,
				77E838792B90965F002EFD7E /* RegisterView.swift */,
				77E8387D2B9096EF002EFD7E /* ToDoListItemView.swift */,
				77E838A52B90B4BC002EFD7E /* HeaderView.swift */,
			);
			path = View;
			sourceTree = "<group>";
		};
		77E838642B9089E8002EFD7E /* ViewModel */ = {
			isa = PBXGroup;
			children = (
				77E838892B909996002EFD7E /* MainViewViewModel.swift */,
				77E8388D2B9099A7002EFD7E /* ProfileViewViewModel.swift */,
				77E838912B9099B2002EFD7E /* TodoListViewViewModel.swift */,
				77E838952B9099BF002EFD7E /* NewItemViewViewModel.swift */,
				77E838992B9099D0002EFD7E /* LoginViewViewModel.swift */,
				77E8389D2B9099DB002EFD7E /* RegisterViewViewModel.swift */,
				77E838A12B9099E7002EFD7E /* ToDoListItemViewViewModel.swift */,
			);
			path = ViewModel;
			sourceTree = "<group>";
		};
		77E838652B9089F7002EFD7E /* Model */ = {
			isa = PBXGroup;
			children = (
				77E838812B909969002EFD7E /* User.swift */,
				77E838852B909978002EFD7E /* ToDoListItem.swift */,
			);
			path = Model;
			sourceTree = "<group>";
		};
		77E838662B908A4A002EFD7E /* Assets */ = {
			isa = PBXGroup;
			children = (
				77178C332B8FA2FC00BB1857 /* Assets.xcassets */,
			);
			path = Assets;
			sourceTree = "<group>";
		};
		77E838672B908A5F002EFD7E /* Others */ = {
			isa = PBXGroup;
			children = (
				77E8385F2B9087E9002EFD7E /* GoogleService-Info.plist */,
			);
			path = Others;
			sourceTree = "<group>";
		};
		77E838682B908A78002EFD7E /* AppDelegate */ = {
			isa = PBXGroup;
			children = (
				77178C2F2B8FA2FA00BB1857 /* ToDoListSwiftUIApp.swift */,
			);
			path = AppDelegate;
			sourceTree = "<group>";
		};
/* End PBXGroup section */

/* Begin PBXNativeTarget section */
		77178C2B2B8FA2FA00BB1857 /* ToDoListSwiftUI */ = {
			isa = PBXNativeTarget;
			buildConfigurationList = 77178C502B8FA2FC00BB1857 /* Build configuration list for PBXNativeTarget "ToDoListSwiftUI" */;
			buildPhases = (
				77178C282B8FA2FA00BB1857 /* Sources */,
				77178C292B8FA2FA00BB1857 /* Frameworks */,
				77178C2A2B8FA2FA00BB1857 /* Resources */,
			);
			buildRules = (
			);
			dependencies = (
			);
			name = ToDoListSwiftUI;
			packageProductDependencies = (
				77178C5A2B8FAAF600BB1857 /* FirebaseAuth */,
				77178C5C2B8FAAF600BB1857 /* FirebaseFirestore */,
				77178C5E2B8FAAF600BB1857 /* FirebaseFirestoreSwift */,
			);
			productName = ToDoListSwiftUI;
			productReference = 77178C2C2B8FA2FA00BB1857 /* ToDoListSwiftUI.app */;
			productType = "com.apple.product-type.application";
		};
		77178C3B2B8FA2FC00BB1857 /* ToDoListSwiftUITests */ = {
			isa = PBXNativeTarget;
			buildConfigurationList = 77178C532B8FA2FC00BB1857 /* Build configuration list for PBXNativeTarget "ToDoListSwiftUITests" */;
			buildPhases = (
				77178C382B8FA2FC00BB1857 /* Sources */,
				77178C392B8FA2FC00BB1857 /* Frameworks */,
				77178C3A2B8FA2FC00BB1857 /* Resources */,
			);
			buildRules = (
			);
			dependencies = (
				77178C3E2B8FA2FC00BB1857 /* PBXTargetDependency */,
			);
			name = ToDoListSwiftUITests;
			productName = ToDoListSwiftUITests;
			productReference = 77178C3C2B8FA2FC00BB1857 /* ToDoListSwiftUITests.xctest */;
			productType = "com.apple.product-type.bundle.unit-test";
		};
		77178C452B8FA2FC00BB1857 /* ToDoListSwiftUIUITests */ = {
			isa = PBXNativeTarget;
			buildConfigurationList = 77178C562B8FA2FC00BB1857 /* Build configuration list for PBXNativeTarget "ToDoListSwiftUIUITests" */;
			buildPhases = (
				77178C422B8FA2FC00BB1857 /* Sources */,
				77178C432B8FA2FC00BB1857 /* Frameworks */,
				77178C442B8FA2FC00BB1857 /* Resources */,
			);
			buildRules = (
			);
			dependencies = (
				77178C482B8FA2FC00BB1857 /* PBXTargetDependency */,
			);
			name = ToDoListSwiftUIUITests;
			productName = ToDoListSwiftUIUITests;
			productReference = 77178C462B8FA2FC00BB1857 /* ToDoListSwiftUIUITests.xctest */;
			productType = "com.apple.product-type.bundle.ui-testing";
		};
/* End PBXNativeTarget section */

/* Begin PBXProject section */
		77178C242B8FA2FA00BB1857 /* Project object */ = {
			isa = PBXProject;
			attributes = {
				BuildIndependentTargetsInParallel = 1;
				LastSwiftUpdateCheck = 1520;
				LastUpgradeCheck = 1520;
				TargetAttributes = {
					77178C2B2B8FA2FA00BB1857 = {
						CreatedOnToolsVersion = 15.2;
					};
					77178C3B2B8FA2FC00BB1857 = {
						CreatedOnToolsVersion = 15.2;
						TestTargetID = 77178C2B2B8FA2FA00BB1857;
					};
					77178C452B8FA2FC00BB1857 = {
						CreatedOnToolsVersion = 15.2;
						TestTargetID = 77178C2B2B8FA2FA00BB1857;
					};
				};
			};
			buildConfigurationList = 77178C272B8FA2FA00BB1857 /* Build configuration list for PBXProject "ToDoListSwiftUI" */;
			compatibilityVersion = "Xcode 14.0";
			developmentRegion = en;
			hasScannedForEncodings = 0;
			knownRegions = (
				en,
				Base,
			);
			mainGroup = 77178C232B8FA2FA00BB1857;
			packageReferences = (
				77178C592B8FAA9A00BB1857 /* XCRemoteSwiftPackageReference "firebase-ios-sdk" */,
			);
			productRefGroup = 77178C2D2B8FA2FA00BB1857 /* Products */;
			projectDirPath = "";
			projectRoot = "";
			targets = (
				77178C2B2B8FA2FA00BB1857 /* ToDoListSwiftUI */,
				77178C3B2B8FA2FC00BB1857 /* ToDoListSwiftUITests */,
				77178C452B8FA2FC00BB1857 /* ToDoListSwiftUIUITests */,
			);
		};
/* End PBXProject section */

/* Begin PBXResourcesBuildPhase section */
		77178C2A2B8FA2FA00BB1857 /* Resources */ = {
			isa = PBXResourcesBuildPhase;
			buildActionMask = 2147483647;
			files = (
				77178C372B8FA2FC00BB1857 /* Preview Assets.xcassets in Resources */,
				77178C342B8FA2FC00BB1857 /* Assets.xcassets in Resources */,
				77E838602B9087E9002EFD7E /* GoogleService-Info.plist in Resources */,
			);
			runOnlyForDeploymentPostprocessing = 0;
		};
		77178C3A2B8FA2FC00BB1857 /* Resources */ = {
			isa = PBXResourcesBuildPhase;
			buildActionMask = 2147483647;
			files = (
				77E838612B9087E9002EFD7E /* GoogleService-Info.plist in Resources */,
			);
			runOnlyForDeploymentPostprocessing = 0;
		};
		77178C442B8FA2FC00BB1857 /* Resources */ = {
			isa = PBXResourcesBuildPhase;
			buildActionMask = 2147483647;
			files = (
				77E838622B9087E9002EFD7E /* GoogleService-Info.plist in Resources */,
			);
			runOnlyForDeploymentPostprocessing = 0;
		};
/* End PBXResourcesBuildPhase section */

/* Begin PBXSourcesBuildPhase section */
		77178C282B8FA2FA00BB1857 /* Sources */ = {
			isa = PBXSourcesBuildPhase;
			buildActionMask = 2147483647;
			files = (
				77E838762B909648002EFD7E /* LoginView.swift in Sources */,
				77E838A62B90B4BC002EFD7E /* HeaderView.swift in Sources */,
				77178C322B8FA2FA00BB1857 /* MainView.swift in Sources */,
				77E8389E2B9099DB002EFD7E /* RegisterViewViewModel.swift in Sources */,
				77E8388A2B909996002EFD7E /* MainViewViewModel.swift in Sources */,
				77E8386E2B9095F6002EFD7E /* TodoListView.swift in Sources */,
				77E8387A2B90965F002EFD7E /* RegisterView.swift in Sources */,
				77E8388E2B9099A7002EFD7E /* ProfileViewViewModel.swift in Sources */,
				77E8386A2B9095AB002EFD7E /* ProfileView.swift in Sources */,
				77E838822B909969002EFD7E /* User.swift in Sources */,
				77E838922B9099B2002EFD7E /* TodoListViewViewModel.swift in Sources */,
				77E8387E2B9096EF002EFD7E /* ToDoListItemView.swift in Sources */,
				77E8389A2B9099D0002EFD7E /* LoginViewViewModel.swift in Sources */,
				77178C302B8FA2FA00BB1857 /* ToDoListSwiftUIApp.swift in Sources */,
				77E838862B909978002EFD7E /* ToDoListItem.swift in Sources */,
				77E838722B909621002EFD7E /* NewItemView.swift in Sources */,
				77E838962B9099BF002EFD7E /* NewItemViewViewModel.swift in Sources */,
				77E838A22B9099E7002EFD7E /* ToDoListItemViewViewModel.swift in Sources */,
			);
			runOnlyForDeploymentPostprocessing = 0;
		};
		77178C382B8FA2FC00BB1857 /* Sources */ = {
			isa = PBXSourcesBuildPhase;
			buildActionMask = 2147483647;
			files = (
				77E8389B2B9099D0002EFD7E /* LoginViewViewModel.swift in Sources */,
				77E838A32B9099E7002EFD7E /* ToDoListItemViewViewModel.swift in Sources */,
				77E838972B9099BF002EFD7E /* NewItemViewViewModel.swift in Sources */,
				77E8389F2B9099DB002EFD7E /* RegisterViewViewModel.swift in Sources */,
				77E838932B9099B2002EFD7E /* TodoListViewViewModel.swift in Sources */,
				77E838832B909969002EFD7E /* User.swift in Sources */,
				77E8388F2B9099A7002EFD7E /* ProfileViewViewModel.swift in Sources */,
				77178C412B8FA2FC00BB1857 /* ToDoListSwiftUITests.swift in Sources */,
				77E8388B2B909996002EFD7E /* MainViewViewModel.swift in Sources */,
				77E838872B909978002EFD7E /* ToDoListItem.swift in Sources */,
			);
			runOnlyForDeploymentPostprocessing = 0;
		};
		77178C422B8FA2FC00BB1857 /* Sources */ = {
			isa = PBXSourcesBuildPhase;
			buildActionMask = 2147483647;
			files = (
				77178C4D2B8FA2FC00BB1857 /* ToDoListSwiftUIUITestsLaunchTests.swift in Sources */,
				77E838A02B9099DB002EFD7E /* RegisterViewViewModel.swift in Sources */,
				77E8388C2B909996002EFD7E /* MainViewViewModel.swift in Sources */,
				77E838902B9099A7002EFD7E /* ProfileViewViewModel.swift in Sources */,
				77E838842B909969002EFD7E /* User.swift in Sources */,
				77E838942B9099B2002EFD7E /* TodoListViewViewModel.swift in Sources */,
				77E8389C2B9099D0002EFD7E /* LoginViewViewModel.swift in Sources */,
				77178C4B2B8FA2FC00BB1857 /* ToDoListSwiftUIUITests.swift in Sources */,
				77E838882B909978002EFD7E /* ToDoListItem.swift in Sources */,
				77E838982B9099BF002EFD7E /* NewItemViewViewModel.swift in Sources */,
				77E838A42B9099E7002EFD7E /* ToDoListItemViewViewModel.swift in Sources */,
			);
			runOnlyForDeploymentPostprocessing = 0;
		};
/* End PBXSourcesBuildPhase section */

/* Begin PBXTargetDependency section */
		77178C3E2B8FA2FC00BB1857 /* PBXTargetDependency */ = {
			isa = PBXTargetDependency;
			target = 77178C2B2B8FA2FA00BB1857 /* ToDoListSwiftUI */;
			targetProxy = 77178C3D2B8FA2FC00BB1857 /* PBXContainerItemProxy */;
		};
		77178C482B8FA2FC00BB1857 /* PBXTargetDependency */ = {
			isa = PBXTargetDependency;
			target = 77178C2B2B8FA2FA00BB1857 /* ToDoListSwiftUI */;
			targetProxy = 77178C472B8FA2FC00BB1857 /* PBXContainerItemProxy */;
		};
/* End PBXTargetDependency section */

/* Begin XCBuildConfiguration section */
		77178C4E2B8FA2FC00BB1857 /* Debug */ = {
			isa = XCBuildConfiguration;
			buildSettings = {
				ALWAYS_SEARCH_USER_PATHS = NO;
				ASSETCATALOG_COMPILER_GENERATE_SWIFT_ASSET_SYMBOL_EXTENSIONS = YES;
				CLANG_ANALYZER_NONNULL = YES;
				CLANG_ANALYZER_NUMBER_OBJECT_CONVERSION = YES_AGGRESSIVE;
				CLANG_CXX_LANGUAGE_STANDARD = "gnu++20";
				CLANG_ENABLE_MODULES = YES;
				CLANG_ENABLE_OBJC_ARC = YES;
				CLANG_ENABLE_OBJC_WEAK = YES;
				CLANG_WARN_BLOCK_CAPTURE_AUTORELEASING = YES;
				CLANG_WARN_BOOL_CONVERSION = YES;
				CLANG_WARN_COMMA = YES;
				CLANG_WARN_CONSTANT_CONVERSION = YES;
				CLANG_WARN_DEPRECATED_OBJC_IMPLEMENTATIONS = YES;
				CLANG_WARN_DIRECT_OBJC_ISA_USAGE = YES_ERROR;
				CLANG_WARN_DOCUMENTATION_COMMENTS = YES;
				CLANG_WARN_EMPTY_BODY = YES;
				CLANG_WARN_ENUM_CONVERSION = YES;
				CLANG_WARN_INFINITE_RECURSION = YES;
				CLANG_WARN_INT_CONVERSION = YES;
				CLANG_WARN_NON_LITERAL_NULL_CONVERSION = YES;
				CLANG_WARN_OBJC_IMPLICIT_RETAIN_SELF = YES;
				CLANG_WARN_OBJC_LITERAL_CONVERSION = YES;
				CLANG_WARN_OBJC_ROOT_CLASS = YES_ERROR;
				CLANG_WARN_QUOTED_INCLUDE_IN_FRAMEWORK_HEADER = YES;
				CLANG_WARN_RANGE_LOOP_ANALYSIS = YES;
				CLANG_WARN_STRICT_PROTOTYPES = YES;
				CLANG_WARN_SUSPICIOUS_MOVE = YES;
				CLANG_WARN_UNGUARDED_AVAILABILITY = YES_AGGRESSIVE;
				CLANG_WARN_UNREACHABLE_CODE = YES;
				CLANG_WARN__DUPLICATE_METHOD_MATCH = YES;
				COPY_PHASE_STRIP = NO;
				DEBUG_INFORMATION_FORMAT = dwarf;
				ENABLE_STRICT_OBJC_MSGSEND = YES;
				ENABLE_TESTABILITY = YES;
				ENABLE_USER_SCRIPT_SANDBOXING = YES;
				GCC_C_LANGUAGE_STANDARD = gnu17;
				GCC_DYNAMIC_NO_PIC = NO;
				GCC_NO_COMMON_BLOCKS = YES;
				GCC_OPTIMIZATION_LEVEL = 0;
				GCC_PREPROCESSOR_DEFINITIONS = (
					"DEBUG=1",
					"$(inherited)",
				);
				GCC_WARN_64_TO_32_BIT_CONVERSION = YES;
				GCC_WARN_ABOUT_RETURN_TYPE = YES_ERROR;
				GCC_WARN_UNDECLARED_SELECTOR = YES;
				GCC_WARN_UNINITIALIZED_AUTOS = YES_AGGRESSIVE;
				GCC_WARN_UNUSED_FUNCTION = YES;
				GCC_WARN_UNUSED_VARIABLE = YES;
				IPHONEOS_DEPLOYMENT_TARGET = 16.0;
				LOCALIZATION_PREFERS_STRING_CATALOGS = YES;
				MTL_ENABLE_DEBUG_INFO = INCLUDE_SOURCE;
				MTL_FAST_MATH = YES;
				ONLY_ACTIVE_ARCH = YES;
				SDKROOT = iphoneos;
				SWIFT_ACTIVE_COMPILATION_CONDITIONS = "DEBUG $(inherited)";
				SWIFT_OPTIMIZATION_LEVEL = "-Onone";
			};
			name = Debug;
		};
		77178C4F2B8FA2FC00BB1857 /* Release */ = {
			isa = XCBuildConfiguration;
			buildSettings = {
				ALWAYS_SEARCH_USER_PATHS = NO;
				ASSETCATALOG_COMPILER_GENERATE_SWIFT_ASSET_SYMBOL_EXTENSIONS = YES;
				CLANG_ANALYZER_NONNULL = YES;
				CLANG_ANALYZER_NUMBER_OBJECT_CONVERSION = YES_AGGRESSIVE;
				CLANG_CXX_LANGUAGE_STANDARD = "gnu++20";
				CLANG_ENABLE_MODULES = YES;
				CLANG_ENABLE_OBJC_ARC = YES;
				CLANG_ENABLE_OBJC_WEAK = YES;
				CLANG_WARN_BLOCK_CAPTURE_AUTORELEASING = YES;
				CLANG_WARN_BOOL_CONVERSION = YES;
				CLANG_WARN_COMMA = YES;
				CLANG_WARN_CONSTANT_CONVERSION = YES;
				CLANG_WARN_DEPRECATED_OBJC_IMPLEMENTATIONS = YES;
				CLANG_WARN_DIRECT_OBJC_ISA_USAGE = YES_ERROR;
				CLANG_WARN_DOCUMENTATION_COMMENTS = YES;
				CLANG_WARN_EMPTY_BODY = YES;
				CLANG_WARN_ENUM_CONVERSION = YES;
				CLANG_WARN_INFINITE_RECURSION = YES;
				CLANG_WARN_INT_CONVERSION = YES;
				CLANG_WARN_NON_LITERAL_NULL_CONVERSION = YES;
				CLANG_WARN_OBJC_IMPLICIT_RETAIN_SELF = YES;
				CLANG_WARN_OBJC_LITERAL_CONVERSION = YES;
				CLANG_WARN_OBJC_ROOT_CLASS = YES_ERROR;
				CLANG_WARN_QUOTED_INCLUDE_IN_FRAMEWORK_HEADER = YES;
				CLANG_WARN_RANGE_LOOP_ANALYSIS = YES;
				CLANG_WARN_STRICT_PROTOTYPES = YES;
				CLANG_WARN_SUSPICIOUS_MOVE = YES;
				CLANG_WARN_UNGUARDED_AVAILABILITY = YES_AGGRESSIVE;
				CLANG_WARN_UNREACHABLE_CODE = YES;
				CLANG_WARN__DUPLICATE_METHOD_MATCH = YES;
				COPY_PHASE_STRIP = NO;
				DEBUG_INFORMATION_FORMAT = "dwarf-with-dsym";
				ENABLE_NS_ASSERTIONS = NO;
				ENABLE_STRICT_OBJC_MSGSEND = YES;
				ENABLE_USER_SCRIPT_SANDBOXING = YES;
				GCC_C_LANGUAGE_STANDARD = gnu17;
				GCC_NO_COMMON_BLOCKS = YES;
				GCC_WARN_64_TO_32_BIT_CONVERSION = YES;
				GCC_WARN_ABOUT_RETURN_TYPE = YES_ERROR;
				GCC_WARN_UNDECLARED_SELECTOR = YES;
				GCC_WARN_UNINITIALIZED_AUTOS = YES_AGGRESSIVE;
				GCC_WARN_UNUSED_FUNCTION = YES;
				GCC_WARN_UNUSED_VARIABLE = YES;
				IPHONEOS_DEPLOYMENT_TARGET = 16.0;
				LOCALIZATION_PREFERS_STRING_CATALOGS = YES;
				MTL_ENABLE_DEBUG_INFO = NO;
				MTL_FAST_MATH = YES;
				SDKROOT = iphoneos;
				SWIFT_COMPILATION_MODE = wholemodule;
				VALIDATE_PRODUCT = YES;
			};
			name = Release;
		};
		77178C512B8FA2FC00BB1857 /* Debug */ = {
			isa = XCBuildConfiguration;
			buildSettings = {
				ASSETCATALOG_COMPILER_APPICON_NAME = AppIcon;
				ASSETCATALOG_COMPILER_GLOBAL_ACCENT_COLOR_NAME = AccentColor;
				CODE_SIGN_STYLE = Automatic;
				CURRENT_PROJECT_VERSION = 1;
				DEVELOPMENT_ASSET_PATHS = "\"ToDoListSwiftUI/Preview Content\"";
				DEVELOPMENT_TEAM = 2ZER7K53MY;
				ENABLE_PREVIEWS = YES;
				GENERATE_INFOPLIST_FILE = YES;
				INFOPLIST_KEY_UIApplicationSceneManifest_Generation = YES;
				INFOPLIST_KEY_UIApplicationSupportsIndirectInputEvents = YES;
				INFOPLIST_KEY_UILaunchScreen_Generation = YES;
				INFOPLIST_KEY_UISupportedInterfaceOrientations = UIInterfaceOrientationPortrait;
				IPHONEOS_DEPLOYMENT_TARGET = 16.0;
				LD_RUNPATH_SEARCH_PATHS = (
					"$(inherited)",
					"@executable_path/Frameworks",
				);
				MARKETING_VERSION = 1.0;
				PRODUCT_BUNDLE_IDENTIFIER = "com.todolist-swiftui.ToDoListSwiftUI";
				PRODUCT_NAME = "$(TARGET_NAME)";
				SWIFT_EMIT_LOC_STRINGS = YES;
				SWIFT_VERSION = 5.0;
				TARGETED_DEVICE_FAMILY = "1,2";
			};
			name = Debug;
		};
		77178C522B8FA2FC00BB1857 /* Release */ = {
			isa = XCBuildConfiguration;
			buildSettings = {
				ASSETCATALOG_COMPILER_APPICON_NAME = AppIcon;
				ASSETCATALOG_COMPILER_GLOBAL_ACCENT_COLOR_NAME = AccentColor;
				CODE_SIGN_STYLE = Automatic;
				CURRENT_PROJECT_VERSION = 1;
				DEVELOPMENT_ASSET_PATHS = "\"ToDoListSwiftUI/Preview Content\"";
				DEVELOPMENT_TEAM = 2ZER7K53MY;
				ENABLE_PREVIEWS = YES;
				GENERATE_INFOPLIST_FILE = YES;
				INFOPLIST_KEY_UIApplicationSceneManifest_Generation = YES;
				INFOPLIST_KEY_UIApplicationSupportsIndirectInputEvents = YES;
				INFOPLIST_KEY_UILaunchScreen_Generation = YES;
				INFOPLIST_KEY_UISupportedInterfaceOrientations = UIInterfaceOrientationPortrait;
				IPHONEOS_DEPLOYMENT_TARGET = 16.0;
				LD_RUNPATH_SEARCH_PATHS = (
					"$(inherited)",
					"@executable_path/Frameworks",
				);
				MARKETING_VERSION = 1.0;
				PRODUCT_BUNDLE_IDENTIFIER = "com.todolist-swiftui.ToDoListSwiftUI";
				PRODUCT_NAME = "$(TARGET_NAME)";
				SWIFT_EMIT_LOC_STRINGS = YES;
				SWIFT_VERSION = 5.0;
				TARGETED_DEVICE_FAMILY = "1,2";
			};
			name = Release;
		};
		77178C542B8FA2FC00BB1857 /* Debug */ = {
			isa = XCBuildConfiguration;
			buildSettings = {
				ALWAYS_EMBED_SWIFT_STANDARD_LIBRARIES = YES;
				BUNDLE_LOADER = "$(TEST_HOST)";
				CODE_SIGN_STYLE = Automatic;
				CURRENT_PROJECT_VERSION = 1;
				DEVELOPMENT_TEAM = 2ZER7K53MY;
				GENERATE_INFOPLIST_FILE = YES;
				IPHONEOS_DEPLOYMENT_TARGET = 16.0;
				MARKETING_VERSION = 1.0;
				PRODUCT_BUNDLE_IDENTIFIER = "com.todolist-swiftui.ToDoListSwiftUITests";
				PRODUCT_NAME = "$(TARGET_NAME)";
				SWIFT_EMIT_LOC_STRINGS = NO;
				SWIFT_VERSION = 5.0;
				TARGETED_DEVICE_FAMILY = "1,2";
				TEST_HOST = "$(BUILT_PRODUCTS_DIR)/ToDoListSwiftUI.app/$(BUNDLE_EXECUTABLE_FOLDER_PATH)/ToDoListSwiftUI";
			};
			name = Debug;
		};
		77178C552B8FA2FC00BB1857 /* Release */ = {
			isa = XCBuildConfiguration;
			buildSettings = {
				ALWAYS_EMBED_SWIFT_STANDARD_LIBRARIES = YES;
				BUNDLE_LOADER = "$(TEST_HOST)";
				CODE_SIGN_STYLE = Automatic;
				CURRENT_PROJECT_VERSION = 1;
				DEVELOPMENT_TEAM = 2ZER7K53MY;
				GENERATE_INFOPLIST_FILE = YES;
				IPHONEOS_DEPLOYMENT_TARGET = 16.0;
				MARKETING_VERSION = 1.0;
				PRODUCT_BUNDLE_IDENTIFIER = "com.todolist-swiftui.ToDoListSwiftUITests";
				PRODUCT_NAME = "$(TARGET_NAME)";
				SWIFT_EMIT_LOC_STRINGS = NO;
				SWIFT_VERSION = 5.0;
				TARGETED_DEVICE_FAMILY = "1,2";
				TEST_HOST = "$(BUILT_PRODUCTS_DIR)/ToDoListSwiftUI.app/$(BUNDLE_EXECUTABLE_FOLDER_PATH)/ToDoListSwiftUI";
			};
			name = Release;
		};
		77178C572B8FA2FC00BB1857 /* Debug */ = {
			isa = XCBuildConfiguration;
			buildSettings = {
				ALWAYS_EMBED_SWIFT_STANDARD_LIBRARIES = YES;
				CODE_SIGN_STYLE = Automatic;
				CURRENT_PROJECT_VERSION = 1;
				DEVELOPMENT_TEAM = 2ZER7K53MY;
				GENERATE_INFOPLIST_FILE = YES;
				MARKETING_VERSION = 1.0;
				PRODUCT_BUNDLE_IDENTIFIER = "com.todolist-swiftui.ToDoListSwiftUIUITests";
				PRODUCT_NAME = "$(TARGET_NAME)";
				SWIFT_EMIT_LOC_STRINGS = NO;
				SWIFT_VERSION = 5.0;
				TARGETED_DEVICE_FAMILY = "1,2";
				TEST_TARGET_NAME = ToDoListSwiftUI;
			};
			name = Debug;
		};
		77178C582B8FA2FC00BB1857 /* Release */ = {
			isa = XCBuildConfiguration;
			buildSettings = {
				ALWAYS_EMBED_SWIFT_STANDARD_LIBRARIES = YES;
				CODE_SIGN_STYLE = Automatic;
				CURRENT_PROJECT_VERSION = 1;
				DEVELOPMENT_TEAM = 2ZER7K53MY;
				GENERATE_INFOPLIST_FILE = YES;
				MARKETING_VERSION = 1.0;
				PRODUCT_BUNDLE_IDENTIFIER = "com.todolist-swiftui.ToDoListSwiftUIUITests";
				PRODUCT_NAME = "$(TARGET_NAME)";
				SWIFT_EMIT_LOC_STRINGS = NO;
				SWIFT_VERSION = 5.0;
				TARGETED_DEVICE_FAMILY = "1,2";
				TEST_TARGET_NAME = ToDoListSwiftUI;
			};
			name = Release;
		};
/* End XCBuildConfiguration section */

/* Begin XCConfigurationList section */
		77178C272B8FA2FA00BB1857 /* Build configuration list for PBXProject "ToDoListSwiftUI" */ = {
			isa = XCConfigurationList;
			buildConfigurations = (
				77178C4E2B8FA2FC00BB1857 /* Debug */,
				77178C4F2B8FA2FC00BB1857 /* Release */,
			);
			defaultConfigurationIsVisible = 0;
			defaultConfigurationName = Release;
		};
		77178C502B8FA2FC00BB1857 /* Build configuration list for PBXNativeTarget "ToDoListSwiftUI" */ = {
			isa = XCConfigurationList;
			buildConfigurations = (
				77178C512B8FA2FC00BB1857 /* Debug */,
				77178C522B8FA2FC00BB1857 /* Release */,
			);
			defaultConfigurationIsVisible = 0;
			defaultConfigurationName = Release;
		};
		77178C532B8FA2FC00BB1857 /* Build configuration list for PBXNativeTarget "ToDoListSwiftUITests" */ = {
			isa = XCConfigurationList;
			buildConfigurations = (
				77178C542B8FA2FC00BB1857 /* Debug */,
				77178C552B8FA2FC00BB1857 /* Release */,
			);
			defaultConfigurationIsVisible = 0;
			defaultConfigurationName = Release;
		};
		77178C562B8FA2FC00BB1857 /* Build configuration list for PBXNativeTarget "ToDoListSwiftUIUITests" */ = {
			isa = XCConfigurationList;
			buildConfigurations = (
				77178C572B8FA2FC00BB1857 /* Debug */,
				77178C582B8FA2FC00BB1857 /* Release */,
			);
			defaultConfigurationIsVisible = 0;
			defaultConfigurationName = Release;
		};
/* End XCConfigurationList section */

/* Begin XCRemoteSwiftPackageReference section */
		77178C592B8FAA9A00BB1857 /* XCRemoteSwiftPackageReference "firebase-ios-sdk" */ = {
			isa = XCRemoteSwiftPackageReference;
			repositoryURL = "https://github.com/firebase/firebase-ios-sdk";
			requirement = {
				kind = upToNextMajorVersion;
				minimumVersion = 10.21.0;
			};
		};
/* End XCRemoteSwiftPackageReference section */

/* Begin XCSwiftPackageProductDependency section */
		77178C5A2B8FAAF600BB1857 /* FirebaseAuth */ = {
			isa = XCSwiftPackageProductDependency;
			package = 77178C592B8FAA9A00BB1857 /* XCRemoteSwiftPackageReference "firebase-ios-sdk" */;
			productName = FirebaseAuth;
		};
		77178C5C2B8FAAF600BB1857 /* FirebaseFirestore */ = {
			isa = XCSwiftPackageProductDependency;
			package = 77178C592B8FAA9A00BB1857 /* XCRemoteSwiftPackageReference "firebase-ios-sdk" */;
			productName = FirebaseFirestore;
		};
		77178C5E2B8FAAF600BB1857 /* FirebaseFirestoreSwift */ = {
			isa = XCSwiftPackageProductDependency;
			package = 77178C592B8FAA9A00BB1857 /* XCRemoteSwiftPackageReference "firebase-ios-sdk" */;
			productName = FirebaseFirestoreSwift;
		};
/* End XCSwiftPackageProductDependency section */
	};
	rootObject = 77178C242B8FA2FA00BB1857 /* Project object */;
}
